
Microsoft Visual Studio Solution File, Format Version 12.00
# Visual Studio Version 16
VisualStudioVersion = 16.0.31727.386
MinimumVisualStudioVersion = 10.0.40219.1
Project("{FAE04EC0-301F-11D3-BF4B-00C04F79EFBC}") = "GITHUB", "GITHUB\GITHUB.csproj", "{19E7FA22-BAE4-423E-987F-6F8BEA43488B}"
EndProject
Global
	GlobalSection(SolutionConfigurationPlatforms) = preSolution
		Debug|Any CPU = Debug|Any CPU
		Release|Any CPU = Release|Any CPU
	EndGlobalSection
	GlobalSection(ProjectConfigurationPlatforms) = postSolution
		{19E7FA22-BAE4-423E-987F-6F8BEA43488B}.Debug|Any CPU.ActiveCfg = Debug|Any CPU
		{19E7FA22-BAE4-423E-987F-6F8BEA43488B}.Debug|Any CPU.Build.0 = Debug|Any CPU
		{19E7FA22-BAE4-423E-987F-6F8BEA43488B}.Release|Any CPU.ActiveCfg = Release|Any CPU
		{19E7FA22-BAE4-423E-987F-6F8BEA43488B}.Release|Any CPU.Build.0 = Release|Any CPU
	EndGlobalSection
	GlobalSection(SolutionProperties) = preSolution
		HideSolutionNode = FALSE
	EndGlobalSection
	GlobalSection(ExtensibilityGlobals) = postSolution
		SolutionGuid = {67112252-D631-402B-9763-CBC752AF5F21}
	EndGlobalSection
EndGlobal
